
Microsoft Visual Studio Solution File, Format Version 12.00
# Visual Studio Version 16
VisualStudioVersion = 16.0.29201.188
MinimumVisualStudioVersion = 10.0.40219.1
Project("{FAE04EC0-301F-11D3-BF4B-00C04F79EFBC}") = "NetworkReplacer", "NetworkReplacer\NetworkReplacer.csproj", "{ACE3C6ED-954B-42FE-8983-A7CC8C373E53}"
EndProject
Global
	GlobalSection(SolutionConfigurationPlatforms) = preSolution
		Debug|Any CPU = Debug|Any CPU
		Release|Any CPU = Release|Any CPU
	EndGlobalSection
	GlobalSection(ProjectConfigurationPlatforms) = postSolution
		{ACE3C6ED-954B-42FE-8983-A7CC8C373E53}.Debug|Any CPU.ActiveCfg = Debug|Any CPU
		{ACE3C6ED-954B-42FE-8983-A7CC8C373E53}.Debug|Any CPU.Build.0 = Debug|Any CPU
		{ACE3C6ED-954B-42FE-8983-A7CC8C373E53}.Release|Any CPU.ActiveCfg = Release|Any CPU
		{ACE3C6ED-954B-42FE-8983-A7CC8C373E53}.Release|Any CPU.Build.0 = Release|Any CPU
	EndGlobalSection
	GlobalSection(SolutionProperties) = preSolution
		HideSolutionNode = FALSE
	EndGlobalSection
	GlobalSection(ExtensibilityGlobals) = postSolution
		SolutionGuid = {01167B45-7759-48D5-AE3A-B941E3824D57}
	EndGlobalSection
EndGlobal
